// !$*UTF8*$!
{
	archiveVersion = 1;
	classes = {
	};
	objectVersion = 50;
	objects = {

/* Begin PBXBuildFile section */
		DD28120A25A5168F00BA0B6D /* Images in Resources */ = {isa = PBXBuildFile; fileRef = DD28120925A5168F00BA0B6D /* Images */; };
		DD28120F25A7805500BA0B6D /* Camera.cpp in Sources */ = {isa = PBXBuildFile; fileRef = DD28120D25A7805500BA0B6D /* Camera.cpp */; };
		DD28121325A7807C00BA0B6D /* main.cpp in Sources */ = {isa = PBXBuildFile; fileRef = DD28121225A7807C00BA0B6D /* main.cpp */; };
		DD28122425A9C6DE00BA0B6D /* libassimp.5.dylib in Frameworks */ = {isa = PBXBuildFile; fileRef = DD28122325A9C6DE00BA0B6D /* libassimp.5.dylib */; };
		DD28122925A9C72200BA0B6D /* libassimp.dylib in Frameworks */ = {isa = PBXBuildFile; fileRef = DD28121D25A9C68F00BA0B6D /* libassimp.dylib */; };
		DD28123025A9C76300BA0B6D /* libassimp.5.dylib in CopyFiles */ = {isa = PBXBuildFile; fileRef = DD28122325A9C6DE00BA0B6D /* libassimp.5.dylib */; settings = {ATTRIBUTES = (CodeSignOnCopy, ); }; };
		DD28123425A9CD2900BA0B6D /* Model.cpp in Sources */ = {isa = PBXBuildFile; fileRef = DD28123225A9CD2900BA0B6D /* Model.cpp */; };
		DD28123725AA414900BA0B6D /* Models in Resources */ = {isa = PBXBuildFile; fileRef = DD28123625AA414900BA0B6D /* Models */; };
		DD8311B5259D2FAC003EFCEC /* main.cpp in Sources */ = {isa = PBXBuildFile; fileRef = DD8311B4259D2FAC003EFCEC /* main.cpp */; };
		DD8311C1259D321C003EFCEC /* libGLEW.dylib in Frameworks */ = {isa = PBXBuildFile; fileRef = DD8311C0259D321C003EFCEC /* libGLEW.dylib */; };
		DD8311C3259D3227003EFCEC /* libglfw.dylib in Frameworks */ = {isa = PBXBuildFile; fileRef = DD8311C2259D3227003EFCEC /* libglfw.dylib */; };
		DD8311C8259D3633003EFCEC /* OpenGL.framework in Frameworks */ = {isa = PBXBuildFile; fileRef = DD8311C7259D3633003EFCEC /* OpenGL.framework */; };
		DDA626CA25A0C0C100687F71 /* Shader.cpp in Sources */ = {isa = PBXBuildFile; fileRef = DDA626C925A0C0C100687F71 /* Shader.cpp */; };
		DDA626CD25A0C10A00687F71 /* libglfw.dylib in Frameworks */ = {isa = PBXBuildFile; fileRef = DD8311C2259D3227003EFCEC /* libglfw.dylib */; };
		DDA626CE25A0C10E00687F71 /* libGLEW.dylib in Frameworks */ = {isa = PBXBuildFile; fileRef = DD8311C0259D321C003EFCEC /* libGLEW.dylib */; };
		DDA626CF25A0C11400687F71 /* OpenGL.framework in Frameworks */ = {isa = PBXBuildFile; fileRef = DD8311C7259D3633003EFCEC /* OpenGL.framework */; };
		DDA626D125A0C12700687F71 /* Shaders in Resources */ = {isa = PBXBuildFile; fileRef = DDA626D025A0C12700687F71 /* Shaders */; };
		DDA626DB25A0C1A300687F71 /* ResourcePath.mm in Sources */ = {isa = PBXBuildFile; fileRef = DDA626D925A0C1A300687F71 /* ResourcePath.mm */; };
/* End PBXBuildFile section */

/* Begin PBXCopyFilesBuildPhase section */
		DD28122C25A9C73900BA0B6D /* CopyFiles */ = {
			isa = PBXCopyFilesBuildPhase;
			buildActionMask = 2147483647;
			dstPath = "";
			dstSubfolderSpec = 10;
			files = (
				DD28123025A9C76300BA0B6D /* libassimp.5.dylib in CopyFiles */,
			);
			runOnlyForDeploymentPostprocessing = 0;
		};
		DD8311AF259D2FAC003EFCEC /* Copy Files */ = {
			isa = PBXCopyFilesBuildPhase;
			buildActionMask = 12;
			dstPath = usr/share/man/man1;
			dstSubfolderSpec = 16;
			files = (
			);
			name = "Copy Files";
			runOnlyForDeploymentPostprocessing = 0;
		};
/* End PBXCopyFilesBuildPhase section */

/* Begin PBXFileReference section */
		DD28120925A5168F00BA0B6D /* Images */ = {isa = PBXFileReference; lastKnownFileType = folder; path = Images; sourceTree = "<group>"; };
		DD28120D25A7805500BA0B6D /* Camera.cpp */ = {isa = PBXFileReference; lastKnownFileType = sourcecode.cpp.cpp; path = Camera.cpp; sourceTree = "<group>"; };
		DD28120E25A7805500BA0B6D /* Camera.hpp */ = {isa = PBXFileReference; lastKnownFileType = sourcecode.cpp.h; path = Camera.hpp; sourceTree = "<group>"; };
		DD28121225A7807C00BA0B6D /* main.cpp */ = {isa = PBXFileReference; fileEncoding = 4; lastKnownFileType = sourcecode.cpp.cpp; path = main.cpp; sourceTree = "<group>"; };
		DD28121D25A9C68F00BA0B6D /* libassimp.dylib */ = {isa = PBXFileReference; lastKnownFileType = "compiled.mach-o.dylib"; name = libassimp.dylib; path = "../../../Libraries/assimp-5.0.1/lib/libassimp.dylib"; sourceTree = "<group>"; };
		DD28122325A9C6DE00BA0B6D /* libassimp.5.dylib */ = {isa = PBXFileReference; lastKnownFileType = "compiled.mach-o.dylib"; name = libassimp.5.dylib; path = "../../../Libraries/assimp-5.0.1/lib/libassimp.5.dylib"; sourceTree = "<group>"; };
		DD28123225A9CD2900BA0B6D /* Model.cpp */ = {isa = PBXFileReference; lastKnownFileType = sourcecode.cpp.cpp; path = Model.cpp; sourceTree = "<group>"; };
		DD28123325A9CD2900BA0B6D /* Model.hpp */ = {isa = PBXFileReference; lastKnownFileType = sourcecode.cpp.h; path = Model.hpp; sourceTree = "<group>"; };
		DD28123625AA414900BA0B6D /* Models */ = {isa = PBXFileReference; lastKnownFileType = folder; path = Models; sourceTree = "<group>"; };
		DD8311B1259D2FAC003EFCEC /* OpenGLCourseApp */ = {isa = PBXFileReference; explicitFileType = "compiled.mach-o.executable"; includeInIndex = 0; path = OpenGLCourseApp; sourceTree = BUILT_PRODUCTS_DIR; };
		DD8311B4259D2FAC003EFCEC /* main.cpp */ = {isa = PBXFileReference; lastKnownFileType = sourcecode.cpp.cpp; path = main.cpp; sourceTree = "<group>"; };
		DD8311C0259D321C003EFCEC /* libGLEW.dylib */ = {isa = PBXFileReference; lastKnownFileType = "compiled.mach-o.dylib"; name = libGLEW.dylib; path = ../../../../../../usr/local/Cellar/glew/2.1.0/lib/libGLEW.dylib; sourceTree = "<group>"; };
		DD8311C2259D3227003EFCEC /* libglfw.dylib */ = {isa = PBXFileReference; lastKnownFileType = "compiled.mach-o.dylib"; name = libglfw.dylib; path = ../../../../../../usr/local/Cellar/glfw/3.3/lib/libglfw.dylib; sourceTree = "<group>"; };
		DD8311C5259D323C003EFCEC /* OpenGLCourseApp.entitlements */ = {isa = PBXFileReference; lastKnownFileType = text.plist.entitlements; path = OpenGLCourseApp.entitlements; sourceTree = "<group>"; };
		DD8311C7259D3633003EFCEC /* OpenGL.framework */ = {isa = PBXFileReference; lastKnownFileType = wrapper.framework; name = OpenGL.framework; path = System/Library/Frameworks/OpenGL.framework; sourceTree = SDKROOT; };
		DDA626AE25A0C07A00687F71 /* Basic1.app */ = {isa = PBXFileReference; explicitFileType = wrapper.application; includeInIndex = 0; path = Basic1.app; sourceTree = BUILT_PRODUCTS_DIR; };
		DDA626BB25A0C07E00687F71 /* Info.plist */ = {isa = PBXFileReference; lastKnownFileType = text.plist.xml; path = Info.plist; sourceTree = "<group>"; };
		DDA626BE25A0C07E00687F71 /* Basic1.entitlements */ = {isa = PBXFileReference; lastKnownFileType = text.plist.entitlements; path = Basic1.entitlements; sourceTree = "<group>"; };
		DDA626C825A0C0C100687F71 /* Shader.hpp */ = {isa = PBXFileReference; fileEncoding = 4; lastKnownFileType = sourcecode.cpp.h; path = Shader.hpp; sourceTree = "<group>"; };
		DDA626C925A0C0C100687F71 /* Shader.cpp */ = {isa = PBXFileReference; fileEncoding = 4; lastKnownFileType = sourcecode.cpp.cpp; path = Shader.cpp; sourceTree = "<group>"; };
		DDA626D025A0C12700687F71 /* Shaders */ = {isa = PBXFileReference; lastKnownFileType = folder; path = Shaders; sourceTree = "<group>"; };
		DDA626D925A0C1A300687F71 /* ResourcePath.mm */ = {isa = PBXFileReference; lastKnownFileType = sourcecode.cpp.objcpp; path = ResourcePath.mm; sourceTree = "<group>"; };
		DDA626DA25A0C1A300687F71 /* ResourcePath.hpp */ = {isa = PBXFileReference; lastKnownFileType = sourcecode.cpp.h; path = ResourcePath.hpp; sourceTree = "<group>"; };
/* End PBXFileReference section */

/* Begin PBXFrameworksBuildPhase section */
		DD8311AE259D2FAC003EFCEC /* Frameworks */ = {
			isa = PBXFrameworksBuildPhase;
			buildActionMask = 2147483647;
			files = (
				DD8311C8259D3633003EFCEC /* OpenGL.framework in Frameworks */,
				DD8311C3259D3227003EFCEC /* libglfw.dylib in Frameworks */,
				DD8311C1259D321C003EFCEC /* libGLEW.dylib in Frameworks */,
			);
			runOnlyForDeploymentPostprocessing = 0;
		};
		DDA626AB25A0C07A00687F71 /* Frameworks */ = {
			isa = PBXFrameworksBuildPhase;
			buildActionMask = 2147483647;
			files = (
				DDA626CF25A0C11400687F71 /* OpenGL.framework in Frameworks */,
				DDA626CD25A0C10A00687F71 /* libglfw.dylib in Frameworks */,
				DDA626CE25A0C10E00687F71 /* libGLEW.dylib in Frameworks */,
				DD28122925A9C72200BA0B6D /* libassimp.dylib in Frameworks */,
				DD28122425A9C6DE00BA0B6D /* libassimp.5.dylib in Frameworks */,
			);
			runOnlyForDeploymentPostprocessing = 0;
		};
/* End PBXFrameworksBuildPhase section */

/* Begin PBXGroup section */
		DD8311A8259D2FAC003EFCEC = {
			isa = PBXGroup;
			children = (
				DDA626D825A0C18B00687F71 /* Basic */,
				DD8311B3259D2FAC003EFCEC /* OpenGLCourseApp */,
				DDA626AF25A0C07A00687F71 /* Basic1 */,
				DD8311B2259D2FAC003EFCEC /* Products */,
				DD8311BF259D321C003EFCEC /* Frameworks */,
			);
			sourceTree = "<group>";
		};
		DD8311B2259D2FAC003EFCEC /* Products */ = {
			isa = PBXGroup;
			children = (
				DD8311B1259D2FAC003EFCEC /* OpenGLCourseApp */,
				DDA626AE25A0C07A00687F71 /* Basic1.app */,
			);
			name = Products;
			sourceTree = "<group>";
		};
		DD8311B3259D2FAC003EFCEC /* OpenGLCourseApp */ = {
			isa = PBXGroup;
			children = (
				DD8311C5259D323C003EFCEC /* OpenGLCourseApp.entitlements */,
				DD8311B4259D2FAC003EFCEC /* main.cpp */,
			);
			path = OpenGLCourseApp;
			sourceTree = "<group>";
		};
		DD8311BF259D321C003EFCEC /* Frameworks */ = {
			isa = PBXGroup;
			children = (
				DD28122325A9C6DE00BA0B6D /* libassimp.5.dylib */,
				DD28121D25A9C68F00BA0B6D /* libassimp.dylib */,
				DD8311C7259D3633003EFCEC /* OpenGL.framework */,
				DD8311C2259D3227003EFCEC /* libglfw.dylib */,
				DD8311C0259D321C003EFCEC /* libGLEW.dylib */,
			);
			name = Frameworks;
			sourceTree = "<group>";
		};
		DDA626AF25A0C07A00687F71 /* Basic1 */ = {
			isa = PBXGroup;
			children = (
				DD28121225A7807C00BA0B6D /* main.cpp */,
				DD28120925A5168F00BA0B6D /* Images */,
				DDA626D025A0C12700687F71 /* Shaders */,
				DD28123625AA414900BA0B6D /* Models */,
				DDA626C925A0C0C100687F71 /* Shader.cpp */,
				DDA626C825A0C0C100687F71 /* Shader.hpp */,
				DDA626BB25A0C07E00687F71 /* Info.plist */,
				DDA626BE25A0C07E00687F71 /* Basic1.entitlements */,
				DD28120D25A7805500BA0B6D /* Camera.cpp */,
				DD28120E25A7805500BA0B6D /* Camera.hpp */,
				DD28123225A9CD2900BA0B6D /* Model.cpp */,
				DD28123325A9CD2900BA0B6D /* Model.hpp */,
			);
			path = Basic1;
			sourceTree = "<group>";
		};
		DDA626D825A0C18B00687F71 /* Basic */ = {
			isa = PBXGroup;
			children = (
				DDA626D925A0C1A300687F71 /* ResourcePath.mm */,
				DDA626DA25A0C1A300687F71 /* ResourcePath.hpp */,
			);
			path = Basic;
			sourceTree = "<group>";
		};
/* End PBXGroup section */

/* Begin PBXNativeTarget section */
		DD8311B0259D2FAC003EFCEC /* OpenGLCourseApp */ = {
			isa = PBXNativeTarget;
			buildConfigurationList = DD8311B8259D2FAC003EFCEC /* Build configuration list for PBXNativeTarget "OpenGLCourseApp" */;
			buildPhases = (
				DD8311AD259D2FAC003EFCEC /* Sources */,
				DD8311AE259D2FAC003EFCEC /* Frameworks */,
				DD8311AF259D2FAC003EFCEC /* Copy Files */,
				DDA6269625A0BEA700687F71 /* Resources */,
			);
			buildRules = (
			);
			dependencies = (
			);
			name = OpenGLCourseApp;
			productName = OpenGLCourseApp;
			productReference = DD8311B1259D2FAC003EFCEC /* OpenGLCourseApp */;
			productType = "com.apple.product-type.tool";
		};
		DDA626AD25A0C07A00687F71 /* Basic1 */ = {
			isa = PBXNativeTarget;
			buildConfigurationList = DDA626BF25A0C07E00687F71 /* Build configuration list for PBXNativeTarget "Basic1" */;
			buildPhases = (
				DDA626AA25A0C07A00687F71 /* Sources */,
				DDA626AB25A0C07A00687F71 /* Frameworks */,
				DDA626AC25A0C07A00687F71 /* Resources */,
				DD28122C25A9C73900BA0B6D /* CopyFiles */,
			);
			buildRules = (
			);
			dependencies = (
			);
			name = Basic1;
			productName = Basic1;
			productReference = DDA626AE25A0C07A00687F71 /* Basic1.app */;
			productType = "com.apple.product-type.application";
		};
/* End PBXNativeTarget section */

/* Begin PBXProject section */
		DD8311A9259D2FAC003EFCEC /* Project object */ = {
			isa = PBXProject;
			attributes = {
				LastUpgradeCheck = 1200;
				TargetAttributes = {
					DD8311B0259D2FAC003EFCEC = {
						CreatedOnToolsVersion = 12.0;
					};
					DDA626AD25A0C07A00687F71 = {
						CreatedOnToolsVersion = 12.0;
					};
				};
			};
			buildConfigurationList = DD8311AC259D2FAC003EFCEC /* Build configuration list for PBXProject "OpenGLCourseApp" */;
			compatibilityVersion = "Xcode 9.3";
			developmentRegion = en;
			hasScannedForEncodings = 0;
			knownRegions = (
				en,
				Base,
			);
			mainGroup = DD8311A8259D2FAC003EFCEC;
			productRefGroup = DD8311B2259D2FAC003EFCEC /* Products */;
			projectDirPath = "";
			projectRoot = "";
			targets = (
				DD8311B0259D2FAC003EFCEC /* OpenGLCourseApp */,
				DDA626AD25A0C07A00687F71 /* Basic1 */,
			);
		};
/* End PBXProject section */

/* Begin PBXResourcesBuildPhase section */
		DDA6269625A0BEA700687F71 /* Resources */ = {
			isa = PBXResourcesBuildPhase;
			buildActionMask = 2147483647;
			files = (
			);
			runOnlyForDeploymentPostprocessing = 0;
		};
		DDA626AC25A0C07A00687F71 /* Resources */ = {
			isa = PBXResourcesBuildPhase;
			buildActionMask = 2147483647;
			files = (
				DD28123725AA414900BA0B6D /* Models in Resources */,
				DD28120A25A5168F00BA0B6D /* Images in Resources */,
				DDA626D125A0C12700687F71 /* Shaders in Resources */,
			);
			runOnlyForDeploymentPostprocessing = 0;
		};
/* End PBXResourcesBuildPhase section */

/* Begin PBXSourcesBuildPhase section */
		DD8311AD259D2FAC003EFCEC /* Sources */ = {
			isa = PBXSourcesBuildPhase;
			buildActionMask = 2147483647;
			files = (
				DD8311B5259D2FAC003EFCEC /* main.cpp in Sources */,
			);
			runOnlyForDeploymentPostprocessing = 0;
		};
		DDA626AA25A0C07A00687F71 /* Sources */ = {
			isa = PBXSourcesBuildPhase;
			buildActionMask = 2147483647;
			files = (
				DD28120F25A7805500BA0B6D /* Camera.cpp in Sources */,
				DDA626CA25A0C0C100687F71 /* Shader.cpp in Sources */,
				DD28123425A9CD2900BA0B6D /* Model.cpp in Sources */,
				DD28121325A7807C00BA0B6D /* main.cpp in Sources */,
				DDA626DB25A0C1A300687F71 /* ResourcePath.mm in Sources */,
			);
			runOnlyForDeploymentPostprocessing = 0;
		};
/* End PBXSourcesBuildPhase section */

/* Begin XCBuildConfiguration section */
		DD8311B6259D2FAC003EFCEC /* Debug */ = {
			isa = XCBuildConfiguration;
			buildSettings = {
				ALWAYS_SEARCH_USER_PATHS = NO;
				CLANG_ANALYZER_NONNULL = YES;
				CLANG_ANALYZER_NUMBER_OBJECT_CONVERSION = YES_AGGRESSIVE;
				CLANG_CXX_LANGUAGE_STANDARD = "gnu++17";
				CLANG_CXX_LIBRARY = "libc++";
				CLANG_ENABLE_MODULES = YES;
				CLANG_ENABLE_OBJC_ARC = YES;
				CLANG_ENABLE_OBJC_WEAK = YES;
				CLANG_WARN_BLOCK_CAPTURE_AUTORELEASING = YES;
				CLANG_WARN_BOOL_CONVERSION = YES;
				CLANG_WARN_COMMA = YES;
				CLANG_WARN_CONSTANT_CONVERSION = YES;
				CLANG_WARN_DEPRECATED_OBJC_IMPLEMENTATIONS = YES;
				CLANG_WARN_DIRECT_OBJC_ISA_USAGE = YES_ERROR;
				CLANG_WARN_DOCUMENTATION_COMMENTS = YES;
				CLANG_WARN_EMPTY_BODY = YES;
				CLANG_WARN_ENUM_CONVERSION = YES;
				CLANG_WARN_INFINITE_RECURSION = YES;
				CLANG_WARN_INT_CONVERSION = YES;
				CLANG_WARN_NON_LITERAL_NULL_CONVERSION = YES;
				CLANG_WARN_OBJC_IMPLICIT_RETAIN_SELF = YES;
				CLANG_WARN_OBJC_LITERAL_CONVERSION = YES;
				CLANG_WARN_OBJC_ROOT_CLASS = YES_ERROR;
				CLANG_WARN_QUOTED_INCLUDE_IN_FRAMEWORK_HEADER = YES;
				CLANG_WARN_RANGE_LOOP_ANALYSIS = YES;
				CLANG_WARN_STRICT_PROTOTYPES = YES;
				CLANG_WARN_SUSPICIOUS_MOVE = YES;
				CLANG_WARN_UNGUARDED_AVAILABILITY = YES_AGGRESSIVE;
				CLANG_WARN_UNREACHABLE_CODE = YES;
				CLANG_WARN__DUPLICATE_METHOD_MATCH = YES;
				COPY_PHASE_STRIP = NO;
				DEBUG_INFORMATION_FORMAT = dwarf;
				ENABLE_STRICT_OBJC_MSGSEND = YES;
				ENABLE_TESTABILITY = YES;
				GCC_C_LANGUAGE_STANDARD = gnu11;
				GCC_DYNAMIC_NO_PIC = NO;
				GCC_NO_COMMON_BLOCKS = YES;
				GCC_OPTIMIZATION_LEVEL = 0;
				GCC_PREPROCESSOR_DEFINITIONS = (
					"DEBUG=1",
					"$(inherited)",
				);
				GCC_WARN_64_TO_32_BIT_CONVERSION = YES;
				GCC_WARN_ABOUT_RETURN_TYPE = YES_ERROR;
				GCC_WARN_UNDECLARED_SELECTOR = YES;
				GCC_WARN_UNINITIALIZED_AUTOS = YES_AGGRESSIVE;
				GCC_WARN_UNUSED_FUNCTION = YES;
				GCC_WARN_UNUSED_VARIABLE = YES;
				HEADER_SEARCH_PATHS = (
					/usr/local/Cellar/glfw/3.3/include,
					/usr/local/Cellar/glew/2.1.0/include,
					/usr/local/Cellar/glm/0.9.9.5/include,
					/Users/mayday/Developer/Libraries/stb,
					"/Users/mayday/Developer/Libraries/assimp-5.0.1/include",
				);
				LIBRARY_SEARCH_PATHS = (
					/usr/local/Cellar/glew/2.1.0/lib,
					/usr/local/Cellar/glfw/3.3/lib,
					"/Users/mayday/Developer/Libraries/assimp-5.0.1/lib",
				);
				MACOSX_DEPLOYMENT_TARGET = 10.15;
				MTL_ENABLE_DEBUG_INFO = INCLUDE_SOURCE;
				MTL_FAST_MATH = YES;
				ONLY_ACTIVE_ARCH = YES;
				SDKROOT = macosx;
			};
			name = Debug;
		};
		DD8311B7259D2FAC003EFCEC /* Release */ = {
			isa = XCBuildConfiguration;
			buildSettings = {
				ALWAYS_SEARCH_USER_PATHS = NO;
				CLANG_ANALYZER_NONNULL = YES;
				CLANG_ANALYZER_NUMBER_OBJECT_CONVERSION = YES_AGGRESSIVE;
				CLANG_CXX_LANGUAGE_STANDARD = "gnu++17";
				CLANG_CXX_LIBRARY = "libc++";
				CLANG_ENABLE_MODULES = YES;
				CLANG_ENABLE_OBJC_ARC = YES;
				CLANG_ENABLE_OBJC_WEAK = YES;
				CLANG_WARN_BLOCK_CAPTURE_AUTORELEASING = YES;
				CLANG_WARN_BOOL_CONVERSION = YES;
				CLANG_WARN_COMMA = YES;
				CLANG_WARN_CONSTANT_CONVERSION = YES;
				CLANG_WARN_DEPRECATED_OBJC_IMPLEMENTATIONS = YES;
				CLANG_WARN_DIRECT_OBJC_ISA_USAGE = YES_ERROR;
				CLANG_WARN_DOCUMENTATION_COMMENTS = YES;
				CLANG_WARN_EMPTY_BODY = YES;
				CLANG_WARN_ENUM_CONVERSION = YES;
				CLANG_WARN_INFINITE_RECURSION = YES;
				CLANG_WARN_INT_CONVERSION = YES;
				CLANG_WARN_NON_LITERAL_NULL_CONVERSION = YES;
				CLANG_WARN_OBJC_IMPLICIT_RETAIN_SELF = YES;
				CLANG_WARN_OBJC_LITERAL_CONVERSION = YES;
				CLANG_WARN_OBJC_ROOT_CLASS = YES_ERROR;
				CLANG_WARN_QUOTED_INCLUDE_IN_FRAMEWORK_HEADER = YES;
				CLANG_WARN_RANGE_LOOP_ANALYSIS = YES;
				CLANG_WARN_STRICT_PROTOTYPES = YES;
				CLANG_WARN_SUSPICIOUS_MOVE = YES;
				CLANG_WARN_UNGUARDED_AVAILABILITY = YES_AGGRESSIVE;
				CLANG_WARN_UNREACHABLE_CODE = YES;
				CLANG_WARN__DUPLICATE_METHOD_MATCH = YES;
				COPY_PHASE_STRIP = NO;
				DEBUG_INFORMATION_FORMAT = "dwarf-with-dsym";
				ENABLE_NS_ASSERTIONS = NO;
				ENABLE_STRICT_OBJC_MSGSEND = YES;
				GCC_C_LANGUAGE_STANDARD = gnu11;
				GCC_NO_COMMON_BLOCKS = YES;
				GCC_WARN_64_TO_32_BIT_CONVERSION = YES;
				GCC_WARN_ABOUT_RETURN_TYPE = YES_ERROR;
				GCC_WARN_UNDECLARED_SELECTOR = YES;
				GCC_WARN_UNINITIALIZED_AUTOS = YES_AGGRESSIVE;
				GCC_WARN_UNUSED_FUNCTION = YES;
				GCC_WARN_UNUSED_VARIABLE = YES;
				HEADER_SEARCH_PATHS = (
					/usr/local/Cellar/glfw/3.3/include,
					/usr/local/Cellar/glew/2.1.0/include,
					/usr/local/Cellar/glm/0.9.9.5/include,
					/Users/mayday/Developer/Libraries/stb,
					"/Users/mayday/Developer/Libraries/assimp-5.0.1/include",
				);
				LIBRARY_SEARCH_PATHS = (
					/usr/local/Cellar/glew/2.1.0/lib,
					/usr/local/Cellar/glfw/3.3/lib,
					"/Users/mayday/Developer/Libraries/assimp-5.0.1/lib",
				);
				MACOSX_DEPLOYMENT_TARGET = 10.15;
				MTL_ENABLE_DEBUG_INFO = NO;
				MTL_FAST_MATH = YES;
				SDKROOT = macosx;
			};
			name = Release;
		};
		DD8311B9259D2FAC003EFCEC /* Debug */ = {
			isa = XCBuildConfiguration;
			buildSettings = {
				CODE_SIGN_ENTITLEMENTS = OpenGLCourseApp/OpenGLCourseApp.entitlements;
				CODE_SIGN_STYLE = Automatic;
				DEVELOPMENT_TEAM = A2VZ8FCF86;
				ENABLE_HARDENED_RUNTIME = YES;
				PRODUCT_NAME = "$(TARGET_NAME)";
			};
			name = Debug;
		};
		DD8311BA259D2FAC003EFCEC /* Release */ = {
			isa = XCBuildConfiguration;
			buildSettings = {
				CODE_SIGN_ENTITLEMENTS = OpenGLCourseApp/OpenGLCourseApp.entitlements;
				CODE_SIGN_STYLE = Automatic;
				DEVELOPMENT_TEAM = A2VZ8FCF86;
				ENABLE_HARDENED_RUNTIME = YES;
				PRODUCT_NAME = "$(TARGET_NAME)";
			};
			name = Release;
		};
		DDA626C025A0C07E00687F71 /* Debug */ = {
			isa = XCBuildConfiguration;
			buildSettings = {
				ASSETCATALOG_COMPILER_APPICON_NAME = AppIcon;
				ASSETCATALOG_COMPILER_GLOBAL_ACCENT_COLOR_NAME = AccentColor;
				CLANG_CXX_LANGUAGE_STANDARD = "gnu++14";
				CODE_SIGN_ENTITLEMENTS = Basic1/Basic1.entitlements;
				CODE_SIGN_STYLE = Automatic;
				COMBINE_HIDPI_IMAGES = YES;
				DEVELOPMENT_TEAM = A2VZ8FCF86;
				ENABLE_HARDENED_RUNTIME = YES;
				INFOPLIST_FILE = Basic1/Info.plist;
				LD_RUNPATH_SEARCH_PATHS = (
					"$(inherited)",
					"@executable_path/../Frameworks",
				);
				PRODUCT_BUNDLE_IDENTIFIER = melancholyhill.Basic1;
				PRODUCT_NAME = "$(TARGET_NAME)";
			};
			name = Debug;
		};
		DDA626C125A0C07E00687F71 /* Release */ = {
			isa = XCBuildConfiguration;
			buildSettings = {
				ASSETCATALOG_COMPILER_APPICON_NAME = AppIcon;
				ASSETCATALOG_COMPILER_GLOBAL_ACCENT_COLOR_NAME = AccentColor;
				CLANG_CXX_LANGUAGE_STANDARD = "gnu++14";
				CODE_SIGN_ENTITLEMENTS = Basic1/Basic1.entitlements;
				CODE_SIGN_STYLE = Automatic;
				COMBINE_HIDPI_IMAGES = YES;
				DEVELOPMENT_TEAM = A2VZ8FCF86;
				ENABLE_HARDENED_RUNTIME = YES;
				INFOPLIST_FILE = Basic1/Info.plist;
				LD_RUNPATH_SEARCH_PATHS = (
					"$(inherited)",
					"@executable_path/../Frameworks",
				);
				PRODUCT_BUNDLE_IDENTIFIER = melancholyhill.Basic1;
				PRODUCT_NAME = "$(TARGET_NAME)";
			};
			name = Release;
		};
/* End XCBuildConfiguration section */

/* Begin XCConfigurationList section */
		DD8311AC259D2FAC003EFCEC /* Build configuration list for PBXProject "OpenGLCourseApp" */ = {
			isa = XCConfigurationList;
			buildConfigurations = (
				DD8311B6259D2FAC003EFCEC /* Debug */,
				DD8311B7259D2FAC003EFCEC /* Release */,
			);
			defaultConfigurationIsVisible = 0;
			defaultConfigurationName = Release;
		};
		DD8311B8259D2FAC003EFCEC /* Build configuration list for PBXNativeTarget "OpenGLCourseApp" */ = {
			isa = XCConfigurationList;
			buildConfigurations = (
				DD8311B9259D2FAC003EFCEC /* Debug */,
				DD8311BA259D2FAC003EFCEC /* Release */,
			);
			defaultConfigurationIsVisible = 0;
			defaultConfigurationName = Release;
		};
		DDA626BF25A0C07E00687F71 /* Build configuration list for PBXNativeTarget "Basic1" */ = {
			isa = XCConfigurationList;
			buildConfigurations = (
				DDA626C025A0C07E00687F71 /* Debug */,
				DDA626C125A0C07E00687F71 /* Release */,
			);
			defaultConfigurationIsVisible = 0;
			defaultConfigurationName = Release;
		};
/* End XCConfigurationList section */
	};
	rootObject = DD8311A9259D2FAC003EFCEC /* Project object */;
}
